
Microsoft Visual Studio Solution File, Format Version 12.00
# Visual Studio Version 16
VisualStudioVersion = 16.0.30804.86
MinimumVisualStudioVersion = 10.0.40219.1
Project("{FAE04EC0-301F-11D3-BF4B-00C04F79EFBC}") = "Croni", "Croni\Croni.csproj", "{321C2E69-0E42-4520-BC95-E3D657013DA9}"
EndProject
Project("{FAE04EC0-301F-11D3-BF4B-00C04F79EFBC}") = "Croni.Android", "Croni.Android\Croni.Android.csproj", "{243BB22A-247E-4037-A457-1221E1B02275}"
EndProject
Project("{FAE04EC0-301F-11D3-BF4B-00C04F79EFBC}") = "Croni.iOS", "Croni.iOS\Croni.iOS.csproj", "{41DF2DD3-D29D-4D1A-934A-4E23E45E5CA3}"
EndProject
Project("{FAE04EC0-301F-11D3-BF4B-00C04F79EFBC}") = "Croni.Data", "..\Croni.Data\Croni.Data.csproj", "{6BB75C18-D7AF-4782-88D8-F39EC6851341}"
EndProject
Project("{FAE04EC0-301F-11D3-BF4B-00C04F79EFBC}") = "Croni.Common", "..\Croni.Common\Croni.Common.csproj", "{38C899C1-4EC3-4376-BD53-18558873C9E9}"
EndProject
Global
	GlobalSection(SolutionConfigurationPlatforms) = preSolution
		Ad-Hoc|Any CPU = Ad-Hoc|Any CPU
		Ad-Hoc|iPhone = Ad-Hoc|iPhone
		Ad-Hoc|iPhoneSimulator = Ad-Hoc|iPhoneSimulator
		AppStore|Any CPU = AppStore|Any CPU
		AppStore|iPhone = AppStore|iPhone
		AppStore|iPhoneSimulator = AppStore|iPhoneSimulator
		Debug|Any CPU = Debug|Any CPU
		Debug|iPhone = Debug|iPhone
		Debug|iPhoneSimulator = Debug|iPhoneSimulator
		Release|Any CPU = Release|Any CPU
		Release|iPhone = Release|iPhone
		Release|iPhoneSimulator = Release|iPhoneSimulator
	EndGlobalSection
	GlobalSection(ProjectConfigurationPlatforms) = postSolution
		{321C2E69-0E42-4520-BC95-E3D657013DA9}.Ad-Hoc|Any CPU.ActiveCfg = Debug|Any CPU
		{321C2E69-0E42-4520-BC95-E3D657013DA9}.Ad-Hoc|Any CPU.Build.0 = Debug|Any CPU
		{321C2E69-0E42-4520-BC95-E3D657013DA9}.Ad-Hoc|iPhone.ActiveCfg = Debug|Any CPU
		{321C2E69-0E42-4520-BC95-E3D657013DA9}.Ad-Hoc|iPhone.Build.0 = Debug|Any CPU
		{321C2E69-0E42-4520-BC95-E3D657013DA9}.Ad-Hoc|iPhoneSimulator.ActiveCfg = Debug|Any CPU
		{321C2E69-0E42-4520-BC95-E3D657013DA9}.Ad-Hoc|iPhoneSimulator.Build.0 = Debug|Any CPU
		{321C2E69-0E42-4520-BC95-E3D657013DA9}.AppStore|Any CPU.ActiveCfg = Debug|Any CPU
		{321C2E69-0E42-4520-BC95-E3D657013DA9}.AppStore|Any CPU.Build.0 = Debug|Any CPU
		{321C2E69-0E42-4520-BC95-E3D657013DA9}.AppStore|iPhone.ActiveCfg = Debug|Any CPU
		{321C2E69-0E42-4520-BC95-E3D657013DA9}.AppStore|iPhone.Build.0 = Debug|Any CPU
		{321C2E69-0E42-4520-BC95-E3D657013DA9}.AppStore|iPhoneSimulator.ActiveCfg = Debug|Any CPU
		{321C2E69-0E42-4520-BC95-E3D657013DA9}.AppStore|iPhoneSimulator.Build.0 = Debug|Any CPU
		{321C2E69-0E42-4520-BC95-E3D657013DA9}.Debug|Any CPU.ActiveCfg = Debug|Any CPU
		{321C2E69-0E42-4520-BC95-E3D657013DA9}.Debug|Any CPU.Build.0 = Debug|Any CPU
		{321C2E69-0E42-4520-BC95-E3D657013DA9}.Debug|iPhone.ActiveCfg = Debug|Any CPU
		{321C2E69-0E42-4520-BC95-E3D657013DA9}.Debug|iPhone.Build.0 = Debug|Any CPU
		{321C2E69-0E42-4520-BC95-E3D657013DA9}.Debug|iPhoneSimulator.ActiveCfg = Debug|Any CPU
		{321C2E69-0E42-4520-BC95-E3D657013DA9}.Debug|iPhoneSimulator.Build.0 = Debug|Any CPU
		{321C2E69-0E42-4520-BC95-E3D657013DA9}.Release|Any CPU.ActiveCfg = Release|Any CPU
		{321C2E69-0E42-4520-BC95-E3D657013DA9}.Release|Any CPU.Build.0 = Release|Any CPU
		{321C2E69-0E42-4520-BC95-E3D657013DA9}.Release|iPhone.ActiveCfg = Release|Any CPU
		{321C2E69-0E42-4520-BC95-E3D657013DA9}.Release|iPhone.Build.0 = Release|Any CPU
		{321C2E69-0E42-4520-BC95-E3D657013DA9}.Release|iPhoneSimulator.ActiveCfg = Release|Any CPU
		{321C2E69-0E42-4520-BC95-E3D657013DA9}.Release|iPhoneSimulator.Build.0 = Release|Any CPU
		{243BB22A-247E-4037-A457-1221E1B02275}.Ad-Hoc|Any CPU.ActiveCfg = Debug|Any CPU
		{243BB22A-247E-4037-A457-1221E1B02275}.Ad-Hoc|Any CPU.Build.0 = Debug|Any CPU
		{243BB22A-247E-4037-A457-1221E1B02275}.Ad-Hoc|Any CPU.Deploy.0 = Debug|Any CPU
		{243BB22A-247E-4037-A457-1221E1B02275}.Ad-Hoc|iPhone.ActiveCfg = Debug|Any CPU
		{243BB22A-247E-4037-A457-1221E1B02275}.Ad-Hoc|iPhone.Build.0 = Debug|Any CPU
		{243BB22A-247E-4037-A457-1221E1B02275}.Ad-Hoc|iPhone.Deploy.0 = Debug|Any CPU
		{243BB22A-247E-4037-A457-1221E1B02275}.Ad-Hoc|iPhoneSimulator.ActiveCfg = Debug|Any CPU
		{243BB22A-247E-4037-A457-1221E1B02275}.Ad-Hoc|iPhoneSimulator.Build.0 = Debug|Any CPU
		{243BB22A-247E-4037-A457-1221E1B02275}.Ad-Hoc|iPhoneSimulator.Deploy.0 = Debug|Any CPU
		{243BB22A-247E-4037-A457-1221E1B02275}.AppStore|Any CPU.ActiveCfg = Debug|Any CPU
		{243BB22A-247E-4037-A457-1221E1B02275}.AppStore|Any CPU.Build.0 = Debug|Any CPU
		{243BB22A-247E-4037-A457-1221E1B02275}.AppStore|Any CPU.Deploy.0 = Debug|Any CPU
		{243BB22A-247E-4037-A457-1221E1B02275}.AppStore|iPhone.ActiveCfg = Debug|Any CPU
		{243BB22A-247E-4037-A457-1221E1B02275}.AppStore|iPhone.Build.0 = Debug|Any CPU
		{243BB22A-247E-4037-A457-1221E1B02275}.AppStore|iPhone.Deploy.0 = Debug|Any CPU
		{243BB22A-247E-4037-A457-1221E1B02275}.AppStore|iPhoneSimulator.ActiveCfg = Debug|Any CPU
		{243BB22A-247E-4037-A457-1221E1B02275}.AppStore|iPhoneSimulator.Build.0 = Debug|Any CPU
		{243BB22A-247E-4037-A457-1221E1B02275}.AppStore|iPhoneSimulator.Deploy.0 = Debug|Any CPU
		{243BB22A-247E-4037-A457-1221E1B02275}.Debug|Any CPU.ActiveCfg = Debug|Any CPU
		{243BB22A-247E-4037-A457-1221E1B02275}.Debug|Any CPU.Build.0 = Debug|Any CPU
		{243BB22A-247E-4037-A457-1221E1B02275}.Debug|Any CPU.Deploy.0 = Debug|Any CPU
		{243BB22A-247E-4037-A457-1221E1B02275}.Debug|iPhone.ActiveCfg = Debug|Any CPU
		{243BB22A-247E-4037-A457-1221E1B02275}.Debug|iPhone.Build.0 = Debug|Any CPU
		{243BB22A-247E-4037-A457-1221E1B02275}.Debug|iPhone.Deploy.0 = Debug|Any CPU
		{243BB22A-247E-4037-A457-1221E1B02275}.Debug|iPhoneSimulator.ActiveCfg = Debug|Any CPU
		{243BB22A-247E-4037-A457-1221E1B02275}.Debug|iPhoneSimulator.Build.0 = Debug|Any CPU
		{243BB22A-247E-4037-A457-1221E1B02275}.Debug|iPhoneSimulator.Deploy.0 = Debug|Any CPU
		{243BB22A-247E-4037-A457-1221E1B02275}.Release|Any CPU.ActiveCfg = Release|Any CPU
		{243BB22A-247E-4037-A457-1221E1B02275}.Release|Any CPU.Build.0 = Release|Any CPU
		{243BB22A-247E-4037-A457-1221E1B02275}.Release|Any CPU.Deploy.0 = Release|Any CPU
		{243BB22A-247E-4037-A457-1221E1B02275}.Release|iPhone.ActiveCfg = Release|Any CPU
		{243BB22A-247E-4037-A457-1221E1B02275}.Release|iPhone.Build.0 = Release|Any CPU
		{243BB22A-247E-4037-A457-1221E1B02275}.Release|iPhone.Deploy.0 = Release|Any CPU
		{243BB22A-247E-4037-A457-1221E1B02275}.Release|iPhoneSimulator.ActiveCfg = Release|Any CPU
		{243BB22A-247E-4037-A457-1221E1B02275}.Release|iPhoneSimulator.Build.0 = Release|Any CPU
		{243BB22A-247E-4037-A457-1221E1B02275}.Release|iPhoneSimulator.Deploy.0 = Release|Any CPU
		{41DF2DD3-D29D-4D1A-934A-4E23E45E5CA3}.Ad-Hoc|Any CPU.ActiveCfg = Ad-Hoc|iPhoneSimulator
		{41DF2DD3-D29D-4D1A-934A-4E23E45E5CA3}.Ad-Hoc|iPhone.ActiveCfg = Ad-Hoc|iPhone
		{41DF2DD3-D29D-4D1A-934A-4E23E45E5CA3}.Ad-Hoc|iPhone.Build.0 = Ad-Hoc|iPhone
		{41DF2DD3-D29D-4D1A-934A-4E23E45E5CA3}.Ad-Hoc|iPhoneSimulator.ActiveCfg = Ad-Hoc|iPhoneSimulator
		{41DF2DD3-D29D-4D1A-934A-4E23E45E5CA3}.Ad-Hoc|iPhoneSimulator.Build.0 = Ad-Hoc|iPhoneSimulator
		{41DF2DD3-D29D-4D1A-934A-4E23E45E5CA3}.AppStore|Any CPU.ActiveCfg = AppStore|iPhoneSimulator
		{41DF2DD3-D29D-4D1A-934A-4E23E45E5CA3}.AppStore|iPhone.ActiveCfg = AppStore|iPhone
		{41DF2DD3-D29D-4D1A-934A-4E23E45E5CA3}.AppStore|iPhone.Build.0 = AppStore|iPhone
		{41DF2DD3-D29D-4D1A-934A-4E23E45E5CA3}.AppStore|iPhoneSimulator.ActiveCfg = AppStore|iPhoneSimulator
		{41DF2DD3-D29D-4D1A-934A-4E23E45E5CA3}.AppStore|iPhoneSimulator.Build.0 = AppStore|iPhoneSimulator
		{41DF2DD3-D29D-4D1A-934A-4E23E45E5CA3}.Debug|Any CPU.ActiveCfg = Debug|iPhoneSimulator
		{41DF2DD3-D29D-4D1A-934A-4E23E45E5CA3}.Debug|iPhone.ActiveCfg = Debug|iPhone
		{41DF2DD3-D29D-4D1A-934A-4E23E45E5CA3}.Debug|iPhone.Build.0 = Debug|iPhone
		{41DF2DD3-D29D-4D1A-934A-4E23E45E5CA3}.Debug|iPhoneSimulator.ActiveCfg = Debug|iPhoneSimulator
		{41DF2DD3-D29D-4D1A-934A-4E23E45E5CA3}.Debug|iPhoneSimulator.Build.0 = Debug|iPhoneSimulator
		{41DF2DD3-D29D-4D1A-934A-4E23E45E5CA3}.Release|Any CPU.ActiveCfg = Release|iPhoneSimulator
		{41DF2DD3-D29D-4D1A-934A-4E23E45E5CA3}.Release|iPhone.ActiveCfg = Release|iPhone
		{41DF2DD3-D29D-4D1A-934A-4E23E45E5CA3}.Release|iPhone.Build.0 = Release|iPhone
		{41DF2DD3-D29D-4D1A-934A-4E23E45E5CA3}.Release|iPhoneSimulator.ActiveCfg = Release|iPhoneSimulator
		{41DF2DD3-D29D-4D1A-934A-4E23E45E5CA3}.Release|iPhoneSimulator.Build.0 = Release|iPhoneSimulator
		{6BB75C18-D7AF-4782-88D8-F39EC6851341}.Ad-Hoc|Any CPU.ActiveCfg = Debug|Any CPU
		{6BB75C18-D7AF-4782-88D8-F39EC6851341}.Ad-Hoc|Any CPU.Build.0 = Debug|Any CPU
		{6BB75C18-D7AF-4782-88D8-F39EC6851341}.Ad-Hoc|iPhone.ActiveCfg = Debug|Any CPU
		{6BB75C18-D7AF-4782-88D8-F39EC6851341}.Ad-Hoc|iPhone.Build.0 = Debug|Any CPU
		{6BB75C18-D7AF-4782-88D8-F39EC6851341}.Ad-Hoc|iPhoneSimulator.ActiveCfg = Debug|Any CPU
		{6BB75C18-D7AF-4782-88D8-F39EC6851341}.Ad-Hoc|iPhoneSimulator.Build.0 = Debug|Any CPU
		{6BB75C18-D7AF-4782-88D8-F39EC6851341}.AppStore|Any CPU.ActiveCfg = Debug|Any CPU
		{6BB75C18-D7AF-4782-88D8-F39EC6851341}.AppStore|Any CPU.Build.0 = Debug|Any CPU
		{6BB75C18-D7AF-4782-88D8-F39EC6851341}.AppStore|iPhone.ActiveCfg = Debug|Any CPU
		{6BB75C18-D7AF-4782-88D8-F39EC6851341}.AppStore|iPhone.Build.0 = Debug|Any CPU
		{6BB75C18-D7AF-4782-88D8-F39EC6851341}.AppStore|iPhoneSimulator.ActiveCfg = Debug|Any CPU
		{6BB75C18-D7AF-4782-88D8-F39EC6851341}.AppStore|iPhoneSimulator.Build.0 = Debug|Any CPU
		{6BB75C18-D7AF-4782-88D8-F39EC6851341}.Debug|Any CPU.ActiveCfg = Debug|Any CPU
		{6BB75C18-D7AF-4782-88D8-F39EC6851341}.Debug|Any CPU.Build.0 = Debug|Any CPU
		{6BB75C18-D7AF-4782-88D8-F39EC6851341}.Debug|iPhone.ActiveCfg = Debug|Any CPU
		{6BB75C18-D7AF-4782-88D8-F39EC6851341}.Debug|iPhone.Build.0 = Debug|Any CPU
		{6BB75C18-D7AF-4782-88D8-F39EC6851341}.Debug|iPhoneSimulator.ActiveCfg = Debug|Any CPU
		{6BB75C18-D7AF-4782-88D8-F39EC6851341}.Debug|iPhoneSimulator.Build.0 = Debug|Any CPU
		{6BB75C18-D7AF-4782-88D8-F39EC6851341}.Release|Any CPU.ActiveCfg = Release|Any CPU
		{6BB75C18-D7AF-4782-88D8-F39EC6851341}.Release|Any CPU.Build.0 = Release|Any CPU
		{6BB75C18-D7AF-4782-88D8-F39EC6851341}.Release|iPhone.ActiveCfg = Release|Any CPU
		{6BB75C18-D7AF-4782-88D8-F39EC6851341}.Release|iPhone.Build.0 = Release|Any CPU
		{6BB75C18-D7AF-4782-88D8-F39EC6851341}.Release|iPhoneSimulator.ActiveCfg = Release|Any CPU
		{6BB75C18-D7AF-4782-88D8-F39EC6851341}.Release|iPhoneSimulator.Build.0 = Release|Any CPU
		{38C899C1-4EC3-4376-BD53-18558873C9E9}.Ad-Hoc|Any CPU.ActiveCfg = Debug|Any CPU
		{38C899C1-4EC3-4376-BD53-18558873C9E9}.Ad-Hoc|Any CPU.Build.0 = Debug|Any CPU
		{38C899C1-4EC3-4376-BD53-18558873C9E9}.Ad-Hoc|iPhone.ActiveCfg = Debug|Any CPU
		{38C899C1-4EC3-4376-BD53-18558873C9E9}.Ad-Hoc|iPhone.Build.0 = Debug|Any CPU
		{38C899C1-4EC3-4376-BD53-18558873C9E9}.Ad-Hoc|iPhoneSimulator.ActiveCfg = Debug|Any CPU
		{38C899C1-4EC3-4376-BD53-18558873C9E9}.Ad-Hoc|iPhoneSimulator.Build.0 = Debug|Any CPU
		{38C899C1-4EC3-4376-BD53-18558873C9E9}.AppStore|Any CPU.ActiveCfg = Debug|Any CPU
		{38C899C1-4EC3-4376-BD53-18558873C9E9}.AppStore|Any CPU.Build.0 = Debug|Any CPU
		{38C899C1-4EC3-4376-BD53-18558873C9E9}.AppStore|iPhone.ActiveCfg = Debug|Any CPU
		{38C899C1-4EC3-4376-BD53-18558873C9E9}.AppStore|iPhone.Build.0 = Debug|Any CPU
		{38C899C1-4EC3-4376-BD53-18558873C9E9}.AppStore|iPhoneSimulator.ActiveCfg = Debug|Any CPU
		{38C899C1-4EC3-4376-BD53-18558873C9E9}.AppStore|iPhoneSimulator.Build.0 = Debug|Any CPU
		{38C899C1-4EC3-4376-BD53-18558873C9E9}.Debug|Any CPU.ActiveCfg = Debug|Any CPU
		{38C899C1-4EC3-4376-BD53-18558873C9E9}.Debug|Any CPU.Build.0 = Debug|Any CPU
		{38C899C1-4EC3-4376-BD53-18558873C9E9}.Debug|iPhone.ActiveCfg = Debug|Any CPU
		{38C899C1-4EC3-4376-BD53-18558873C9E9}.Debug|iPhone.Build.0 = Debug|Any CPU
		{38C899C1-4EC3-4376-BD53-18558873C9E9}.Debug|iPhoneSimulator.ActiveCfg = Debug|Any CPU
		{38C899C1-4EC3-4376-BD53-18558873C9E9}.Debug|iPhoneSimulator.Build.0 = Debug|Any CPU
		{38C899C1-4EC3-4376-BD53-18558873C9E9}.Release|Any CPU.ActiveCfg = Release|Any CPU
		{38C899C1-4EC3-4376-BD53-18558873C9E9}.Release|Any CPU.Build.0 = Release|Any CPU
		{38C899C1-4EC3-4376-BD53-18558873C9E9}.Release|iPhone.ActiveCfg = Release|Any CPU
		{38C899C1-4EC3-4376-BD53-18558873C9E9}.Release|iPhone.Build.0 = Release|Any CPU
		{38C899C1-4EC3-4376-BD53-18558873C9E9}.Release|iPhoneSimulator.ActiveCfg = Release|Any CPU
		{38C899C1-4EC3-4376-BD53-18558873C9E9}.Release|iPhoneSimulator.Build.0 = Release|Any CPU
	EndGlobalSection
	GlobalSection(SolutionProperties) = preSolution
		HideSolutionNode = FALSE
	EndGlobalSection
	GlobalSection(ExtensibilityGlobals) = postSolution
		SolutionGuid = {8D87B12C-D87B-49B9-86ED-06C9B1DC6DC3}
	EndGlobalSection
EndGlobal
